Microsoft Visual Studio Solution File, Format Version 12.00
# Visual Studio Version 17
VisualStudioVersion = 17.0.31611.283
MinimumVisualStudioVersion = 10.0.40219.1
Project("{9A19103F-16F7-4668-BE54-9A1E7A4F7556}") = "ShowcaseRVHub.MAUI", "ShowcaseRVHub.MAUI\ShowcaseRVHub.MAUI.csproj", "{60028062-5C4C-4BF1-BAF8-69A1F6BED44D}"
EndProject
Project("{9A19103F-16F7-4668-BE54-9A1E7A4F7556}") = "ShowcaseRVHub.WebApi", "ShowcaseRVHub.WebApi\ShowcaseRVHub.WebApi.csproj", "{DDC2A93C-C4D0-44D1-902D-5C14313A294B}"
EndProject
Project("{9A19103F-16F7-4668-BE54-9A1E7A4F7556}") = "ShowcaseRVHub.XUnit", "ShowcaseRVHub.XUnit\ShowcaseRVHub.XUnit.csproj", "{6707B804-15AF-4D7C-9B1B-461B622DB54E}"
EndProject
Project("{9A19103F-16F7-4668-BE54-9A1E7A4F7556}") = "EmailTest", "EmailTest\EmailTest.csproj", "{89AEAC1C-EEF1-4861-8637-147E28B3E6C5}"
EndProject
Project("{9A19103F-16F7-4668-BE54-9A1E7A4F7556}") = "ShowcaseRVHub.Email", "ShowcaseRVHub.Email\ShowcaseRVHub.Email.csproj", "{78F1A02E-E85E-497A-A34D-81263EB13D2F}"
EndProject
Global
	GlobalSection(SolutionConfigurationPlatforms) = preSolution
		Debug|Any CPU = Debug|Any CPU
		Release|Any CPU = Release|Any CPU
	EndGlobalSection
	GlobalSection(ProjectConfigurationPlatforms) = postSolution
		{60028062-5C4C-4BF1-BAF8-69A1F6BED44D}.Debug|Any CPU.ActiveCfg = Debug|Any CPU
		{60028062-5C4C-4BF1-BAF8-69A1F6BED44D}.Debug|Any CPU.Build.0 = Debug|Any CPU
		{60028062-5C4C-4BF1-BAF8-69A1F6BED44D}.Debug|Any CPU.Deploy.0 = Debug|Any CPU
		{60028062-5C4C-4BF1-BAF8-69A1F6BED44D}.Release|Any CPU.ActiveCfg = Release|Any CPU
		{60028062-5C4C-4BF1-BAF8-69A1F6BED44D}.Release|Any CPU.Build.0 = Release|Any CPU
		{60028062-5C4C-4BF1-BAF8-69A1F6BED44D}.Release|Any CPU.Deploy.0 = Release|Any CPU
		{DDC2A93C-C4D0-44D1-902D-5C14313A294B}.Debug|Any CPU.ActiveCfg = Debug|Any CPU
		{DDC2A93C-C4D0-44D1-902D-5C14313A294B}.Debug|Any CPU.Build.0 = Debug|Any CPU
		{DDC2A93C-C4D0-44D1-902D-5C14313A294B}.Release|Any CPU.ActiveCfg = Release|Any CPU
		{DDC2A93C-C4D0-44D1-902D-5C14313A294B}.Release|Any CPU.Build.0 = Release|Any CPU
		{6707B804-15AF-4D7C-9B1B-461B622DB54E}.Debug|Any CPU.ActiveCfg = Debug|Any CPU
		{6707B804-15AF-4D7C-9B1B-461B622DB54E}.Debug|Any CPU.Build.0 = Debug|Any CPU
		{6707B804-15AF-4D7C-9B1B-461B622DB54E}.Release|Any CPU.ActiveCfg = Release|Any CPU
		{6707B804-15AF-4D7C-9B1B-461B622DB54E}.Release|Any CPU.Build.0 = Release|Any CPU
		{89AEAC1C-EEF1-4861-8637-147E28B3E6C5}.Debug|Any CPU.ActiveCfg = Debug|Any CPU
		{89AEAC1C-EEF1-4861-8637-147E28B3E6C5}.Debug|Any CPU.Build.0 = Debug|Any CPU
		{89AEAC1C-EEF1-4861-8637-147E28B3E6C5}.Release|Any CPU.ActiveCfg = Release|Any CPU
		{89AEAC1C-EEF1-4861-8637-147E28B3E6C5}.Release|Any CPU.Build.0 = Release|Any CPU
		{78F1A02E-E85E-497A-A34D-81263EB13D2F}.Debug|Any CPU.ActiveCfg = Debug|Any CPU
		{78F1A02E-E85E-497A-A34D-81263EB13D2F}.Debug|Any CPU.Build.0 = Debug|Any CPU
		{78F1A02E-E85E-497A-A34D-81263EB13D2F}.Release|Any CPU.ActiveCfg = Release|Any CPU
		{78F1A02E-E85E-497A-A34D-81263EB13D2F}.Release|Any CPU.Build.0 = Release|Any CPU
	EndGlobalSection
	GlobalSection(SolutionProperties) = preSolution
		HideSolutionNode = FALSE
	EndGlobalSection
	GlobalSection(ExtensibilityGlobals) = postSolution
		SolutionGuid = {981B1FF0-A8A8-4487-9408-C23EE4CCDF64}
		        SolutionGuid = {61F7FB11-1E47-470C-91E2-47F8143E1572}
	EndGlobalSection
EndGlobal
